version = 1
revision = 2
requires-python = ">=3.12"

[[package]]
name = "sandbox"
version = "0.1.0"
source = { virtual = "." }

[package.dev-dependencies]
dev = [
    { name = "ty" },
]

[package.metadata]

[package.metadata.requires-dev]
dev = [{ name = "ty", specifier = ">=0.0.5" }]

[[package]]
name = "ty"
version = "0.0.5"
source = { registry = "https://pypi.org/simple" }
sdist = { url = "https://files.pythonhosted.org/packages/9e/db/6299d478000f4f1c6f9bf2af749359381610ffc4cbe6713b66e436ecf6e7/ty-0.0.5.tar.gz", hash = "sha256:983da6330773ff71e2b249810a19c689f9a0372f6e21bbf7cde37839d05b4346", size = 4806218, upload-time = "2025-12-20T21:19:17.24Z" }
wheels = [
    { url = "https://files.pythonhosted.org/packages/7c/98/c1f61ba378b4191e641bb36c07b7fcc70ff844d61be7a4bf2fea7472b4a9/ty-0.0.5-py3-none-linux_armv6l.whl", hash = "sha256:1594cd9bb68015eb2f5a3c68a040860f3c9306dc6667d7a0e5f4df9967b460e2", size = 9785554, upload-time = "2025-12-20T21:19:05.024Z" },
    { url = "https://files.pythonhosted.org/packages/ab/f9/b37b77c03396bd779c1397dae4279b7ad79315e005b3412feed8812a4256/ty-0.0.5-py3-none-macosx_10_12_x86_64.whl", hash = "sha256:7c0140ba980233d28699d9ddfe8f43d0b3535d6a3bbff9935df625a78332a3cf", size = 9603995, upload-time = "2025-12-20T21:19:15.256Z" },
    { url = "https://files.pythonhosted.org/packages/7d/70/4e75c11903b0e986c0203040472627cb61d6a709e1797fb08cdf9d565743/ty-0.0.5-py3-none-macosx_11_0_arm64.whl", hash = "sha256:15de414712cde92048ae4b1a77c4dc22920bd23653fe42acaf73028bad88f6b9", size = 9145815, upload-time = "2025-12-20T21:19:36.481Z" },
    { url = "https://files.pythonhosted.org/packages/89/05/93983dfcf871a41dfe58e5511d28e6aa332a1f826cc67333f77ae41a2f8a/ty-0.0.5-py3-none-manylinux_2_17_aarch64.manylinux2014_aarch64.whl", hash = "sha256:438aa51ad6c5fae64191f8d58876266e26f9250cf09f6624b6af47a22fa88618", size = 9619849, upload-time = "2025-12-20T21:19:19.084Z" },
    { url = "https://files.pythonhosted.org/packages/82/b6/896ab3aad59f846823f202e94be6016fb3f72434d999d2ae9bd0f28b3af9/ty-0.0.5-py3-none-manylinux_2_17_armv7l.manylinux2014_armv7l.whl", hash = "sha256:1b3d373fd96af1564380caf153600481c676f5002ee76ba8a7c3508cdff82ee0", size = 9606611, upload-time = "2025-12-20T21:19:24.583Z" },
    { url = "https://files.pythonhosted.org/packages/ca/ae/098e33fc92330285ed843e2750127e896140c4ebd2d73df7732ea496f588/ty-0.0.5-py3-none-manylinux_2_17_i686.manylinux2014_i686.whl", hash = "sha256:8453692503212ad316cf8b99efbe85a91e5f63769c43be5345e435a1b16cba5a", size = 10029523, upload-time = "2025-12-20T21:19:07.055Z" },
    { url = "https://files.pythonhosted.org/packages/04/5a/f4b4c33758b9295e9aca0de9645deca0f4addd21d38847228723a6e780fc/ty-0.0.5-py3-none-manylinux_2_17_ppc64.manylinux2014_ppc64.whl", hash = "sha256:2e4c454139473abbd529767b0df7a795ed828f780aef8d0d4b144558c0dc4446", size = 10870892, upload-time = "2025-12-20T21:19:34.495Z" },
    { url = "https://files.pythonhosted.org/packages/c3/c5/4e3e7e88389365aa1e631c99378711cf0c9d35a67478cb4720584314cf44/ty-0.0.5-py3-none-manylinux_2_17_ppc64le.manylinux2014_ppc64le.whl", hash = "sha256:426d4f3b82475b1ec75f3cc9ee5a667c8a4ae8441a09fcd8e823a53b706d00c7", size = 10599291, upload-time = "2025-12-20T21:19:26.557Z" },
    { url = "https://files.pythonhosted.org/packages/c1/5d/138f859ea87bd95e17b9818e386ae25a910e46521c41d516bf230ed83ffc/ty-0.0.5-py3-none-manylinux_2_17_s390x.manylinux2014_s390x.whl", hash = "sha256:5710817b67c6b2e4c0224e4f319b7decdff550886e9020f6d46aa1ce8f89a609", size = 10413515, upload-time = "2025-12-20T21:19:11.094Z" },
    { url = "https://files.pythonhosted.org/packages/27/21/1cbcd0d3b1182172f099e88218137943e0970603492fb10c7c9342369d9a/ty-0.0.5-py3-none-manylinux_2_17_x86_64.manylinux2014_x86_64.whl", hash = "sha256:e23c55ef08882c7c5ced1ccb90b4eeefa97f690aea254f58ac0987896c590f76", size = 10144992, upload-time = "2025-12-20T21:19:13.225Z" },
    { url = "https://files.pythonhosted.org/packages/ad/30/fdac06a5470c09ad2659a0806497b71f338b395d59e92611f71b623d05a0/ty-0.0.5-py3-none-musllinux_1_2_aarch64.whl", hash = "sha256:b9e4c1a28a23b14cf8f4f793f4da396939f16c30bfa7323477c8cc234e352ac4", size = 9606408, upload-time = "2025-12-20T21:19:09.212Z" },
    { url = "https://files.pythonhosted.org/packages/09/93/e99dcd7f53295192d03efd9cbcec089a916f49cad4935c0160ea9adbd53d/ty-0.0.5-py3-none-musllinux_1_2_armv7l.whl", hash = "sha256:4e9ebb61529b9745af662e37c37a01ad743cdd2c95f0d1421705672874d806cd", size = 9630040, upload-time = "2025-12-20T21:19:38.165Z" },
    { url = "https://files.pythonhosted.org/packages/d7/f8/6d1e87186e4c35eb64f28000c1df8fd5f73167ce126c5e3dd21fd1204a23/ty-0.0.5-py3-none-musllinux_1_2_i686.whl", hash = "sha256:5eb191a8e332f50f56dfe45391bdd7d43dd4ef6e60884710fd7ce84c5d8c1eb5", size = 9754016, upload-time = "2025-12-20T21:19:32.79Z" },
    { url = "https://files.pythonhosted.org/packages/28/e6/20f989342cb3115852dda404f1d89a10a3ce93f14f42b23f095a3d1a00c9/ty-0.0.5-py3-none-musllinux_1_2_x86_64.whl", hash = "sha256:92ed7451a1e82ee134a2c24ca43b74dd31e946dff2b08e5c34473e6b051de542", size = 10252877, upload-time = "2025-12-20T21:19:20.787Z" },
    { url = "https://files.pythonhosted.org/packages/57/9d/fc66fa557443233dfad9ae197ff3deb70ae0efcfb71d11b30ef62f5cdcc3/ty-0.0.5-py3-none-win32.whl", hash = "sha256:71f6707e4c1c010c158029a688a498220f28bb22fdb6707e5c20e09f11a5e4f2", size = 9212640, upload-time = "2025-12-20T21:19:30.817Z" },
    { url = "https://files.pythonhosted.org/packages/68/b6/05c35f6dea29122e54af0e9f8dfedd0a100c721affc8cc801ebe2bc2ed13/ty-0.0.5-py3-none-win_amd64.whl", hash = "sha256:2b8b754a0d7191e94acdf0c322747fec34371a4d0669f5b4e89549aef28814ae", size = 10034701, upload-time = "2025-12-20T21:19:28.311Z" },
    { url = "https://files.pythonhosted.org/packages/df/ca/4201ed5cb2af73912663d0c6ded927c28c28b3c921c9348aa8d2cfef4853/ty-0.0.5-py3-none-win_arm64.whl", hash = "sha256:83bea5a5296caac20d52b790ded2b830a7ff91c4ed9f36730fe1f393ceed6654", size = 9566474, upload-time = "2025-12-20T21:19:22.518Z" },
]
